{
  "lockfile_version": "1",
  "packages": {
    "curl@8": {
      "last_modified": "2025-05-07T00:09:58Z",
      "resolved": "github:NixOS/nixpkgs/b3582c75c7f21ce0b429898980eddbbf05c68e55#curl",
      "source": "devbox-search",
      "version": "8.12.1",
      "systems": {
        "aarch64-darwin": {
          "outputs": [
            {
              "name": "bin",
              "path": "/nix/store/krgqarvv8y1xr2f7z5vxxva3nn7d1x8l-curl-8.12.1-bin",
              "default": true
            },
            {
              "name": "man",
              "path": "/nix/store/nxxww0dn65fw7aky9zvghsykr0syb8lg-curl-8.12.1-man",
              "default": true
            },
            {
              "name": "devdoc",
              "path": "/nix/store/mcxbd00pvp9z2p3baqjypiirrnxyqn1i-curl-8.12.1-devdoc"
            },
            {
              "name": "out",
              "path": "/nix/store/r011ii30b9gphcrwppszgv9bnd6d605r-curl-8.12.1"
            },
            {
              "name": "dev",
              "path": "/nix/store/8rsm3wrn90wm3h9bcr44j2z5g3qlnq8w-curl-8.12.1-dev"
            }
          ],
          "store_path": "/nix/store/krgqarvv8y1xr2f7z5vxxva3nn7d1x8l-curl-8.12.1-bin"
        },
        "aarch64-linux": {
          "outputs": [
            {
              "name": "bin",
              "path": "/nix/store/dxrl9vhmfb9shd1kgp79hvlfyfh7psc7-curl-8.12.1-bin",
              "default": true
            },
            {
              "name": "man",
              "path": "/nix/store/gprhm2f4idl1m27npgbf9xwwagsqny2a-curl-8.12.1-man",
              "default": true
            },
            {
              "name": "out",
              "path": "/nix/store/5g6wxkca01pckx6dirmrcc4zz44rdqzw-curl-8.12.1"
            },
            {
              "name": "debug",
              "path": "/nix/store/qbwjrk5f3wlkbhfgmi0bgl22pxbxqzsh-curl-8.12.1-debug"
            },
            {
              "name": "dev",
              "path": "/nix/store/sq7jjlp73zxm6miyakrf3mxlj5krzy5d-curl-8.12.1-dev"
            },
            {
              "name": "devdoc",
              "path": "/nix/store/l6bzkv5lkpcszqpmqx7g863p42a11db3-curl-8.12.1-devdoc"
            }
          ],
          "store_path": "/nix/store/dxrl9vhmfb9shd1kgp79hvlfyfh7psc7-curl-8.12.1-bin"
        },
        "x86_64-darwin": {
          "outputs": [
            {
              "name": "bin",
              "path": "/nix/store/3nm8cgv7xg1qadvgcshmvspmsr7frvp2-curl-8.12.1-bin",
              "default": true
            },
            {
              "name": "man",
              "path": "/nix/store/4aphz90jsdfzx5cfzl5nfnml7czswg09-curl-8.12.1-man",
              "default": true
            },
            {
              "name": "dev",
              "path": "/nix/store/vij71byxpyrpxsyvb6z4vh75hj51la5f-curl-8.12.1-dev"
            },
            {
              "name": "devdoc",
              "path": "/nix/store/6zf74b4kalqx1653vwsv7vpng113igi7-curl-8.12.1-devdoc"
            },
            {
              "name": "out",
              "path": "/nix/store/fswhs12ddagbw24a1gr0rv7sm7aqj7c1-curl-8.12.1"
            }
          ],
          "store_path": "/nix/store/3nm8cgv7xg1qadvgcshmvspmsr7frvp2-curl-8.12.1-bin"
        },
        "x86_64-linux": {
          "outputs": [
            {
              "name": "bin",
              "path": "/nix/store/lr1pnwv3l0ks6w5fbl7yn80lskgaksi6-curl-8.12.1-bin",
              "default": true
            },
            {
              "name": "man",
              "path": "/nix/store/21rp1hagmp3rm2xhdfr9w07wq4az4izz-curl-8.12.1-man",
              "default": true
            },
            {
              "name": "debug",
              "path": "/nix/store/z8vi84kn4iggy5m9f1xyi59y5ffw7sdh-curl-8.12.1-debug"
            },
            {
              "name": "dev",
              "path": "/nix/store/4m8ys00i0vsj756l5ldsz5hyv993rrvh-curl-8.12.1-dev"
            },
            {
              "name": "devdoc",
              "path": "/nix/store/ajpg29z9hy1rfga6b9yqkgf65nsnihys-curl-8.12.1-devdoc"
            },
            {
              "name": "out",
              "path": "/nix/store/056kf3y6n9q5i7gdiynwdj6wrmb7b4kx-curl-8.12.1"
            }
          ],
          "store_path": "/nix/store/lr1pnwv3l0ks6w5fbl7yn80lskgaksi6-curl-8.12.1-bin"
        }
      }
    },
    "dotnet-sdk@8.0.": {
      "last_modified": "2025-05-06T08:06:31Z",
      "resolved": "github:NixOS/nixpkgs/1cb1c02a6b1b7cf67e3d7731cbbf327a53da9679#dotnet-sdk",
      "source": "devbox-search",
      "version": "8.0.408",
      "systems": {
        "aarch64-darwin": {
          "outputs": [
            {
              "name": "out",
              "path": "/nix/store/2607pk2gvaadw5v1z26jj6pax0hc0sx6-dotnet-sdk-wrapped-8.0.408",
              "default": true
            }
          ],
          "store_path": "/nix/store/2607pk2gvaadw5v1z26jj6pax0hc0sx6-dotnet-sdk-wrapped-8.0.408"
        },
        "aarch64-linux": {
          "outputs": [
            {
              "name": "out",
              "path": "/nix/store/fyir5xmq2wqlnd76906z6xsq24zyqvfg-dotnet-sdk-wrapped-8.0.408",
              "default": true
            }
          ],
          "store_path": "/nix/store/fyir5xmq2wqlnd76906z6xsq24zyqvfg-dotnet-sdk-wrapped-8.0.408"
        },
        "x86_64-darwin": {
          "outputs": [
            {
              "name": "out",
              "path": "/nix/store/8w11q441256mv057vp10cg6igy0li945-dotnet-sdk-wrapped-8.0.408",
              "default": true
            }
          ],
          "store_path": "/nix/store/8w11q441256mv057vp10cg6igy0li945-dotnet-sdk-wrapped-8.0.408"
        },
        "x86_64-linux": {
          "outputs": [
            {
              "name": "out",
              "path": "/nix/store/9q611x4l9pajmii38fi6vcmsh69rynxs-dotnet-sdk-wrapped-8.0.408",
              "default": true
            }
          ],
          "store_path": "/nix/store/9q611x4l9pajmii38fi6vcmsh69rynxs-dotnet-sdk-wrapped-8.0.408"
        }
      }
    },
    "github:NixOS/nixpkgs/nixpkgs-unstable": {
      "last_modified": "2025-05-07T00:09:58Z",
      "resolved": "github:NixOS/nixpkgs/b3582c75c7f21ce0b429898980eddbbf05c68e55?lastModified=1746576598&narHash=sha256-FshoQvr6Aor5SnORVvh%2FZdJ1Sa2U4ZrIMwKBX5k2wu0%3D"
    },
    "go@1.21.": {
      "last_modified": "2024-09-10T15:01:03Z",
      "resolved": "github:NixOS/nixpkgs/5ed627539ac84809c78b2dd6d26a5cebeb5ae269#go_1_21",
      "source": "devbox-search",
      "version": "1.21.13",
      "systems": {
        "aarch64-darwin": {
          "outputs": [
            {
              "name": "out",
              "path": "/nix/store/59bymri4pr8mq5zh678smrf381i3fmy2-go-1.21.13",
              "default": true
            }
          ],
          "store_path": "/nix/store/59bymri4pr8mq5zh678smrf381i3fmy2-go-1.21.13"
        },
        "aarch64-linux": {
          "outputs": [
            {
              "name": "out",
              "path": "/nix/store/7dqbqicx8szqnyzag6l41gwbjmh1xdk0-go-1.21.13",
              "default": true
            }
          ],
          "store_path": "/nix/store/7dqbqicx8szqnyzag6l41gwbjmh1xdk0-go-1.21.13"
        },
        "x86_64-darwin": {
          "outputs": [
            {
              "name": "out",
              "path": "/nix/store/ws9bs446vgwmxchqnpjp9503x420iz75-go-1.21.13",
              "default": true
            }
          ],
          "store_path": "/nix/store/ws9bs446vgwmxchqnpjp9503x420iz75-go-1.21.13"
        },
        "x86_64-linux": {
          "outputs": [
            {
              "name": "out",
              "path": "/nix/store/yij3vkkjv7ghn055v0rqhbjzyh0dy4nq-go-1.21.13",
              "default": true
            }
          ],
          "store_path": "/nix/store/yij3vkkjv7ghn055v0rqhbjzyh0dy4nq-go-1.21.13"
        }
      }
    },
    "nodejs@20.": {
      "last_modified": "2025-05-07T00:09:58Z",
      "plugin_version": "0.0.2",
      "resolved": "github:NixOS/nixpkgs/b3582c75c7f21ce0b429898980eddbbf05c68e55#nodejs_20",
      "source": "devbox-search",
      "version": "20.19.0",
      "systems": {
        "aarch64-darwin": {
          "outputs": [
            {
              "name": "out",
              "path": "/nix/store/fy4baj2727cz7yiaw51zyd8a0dkkdi5f-nodejs-20.19.0",
              "default": true
            },
            {
              "name": "dev",
              "path": "/nix/store/kslx73g14dmb5srlypnqapnlqqklv2pi-nodejs-20.19.0-dev"
            },
            {
              "name": "libv8",
              "path": "/nix/store/gcflh0g2rqmnvzb1njcx8zc5m78h8w8k-nodejs-20.19.0-libv8"
            }
          ],
          "store_path": "/nix/store/fy4baj2727cz7yiaw51zyd8a0dkkdi5f-nodejs-20.19.0"
        },
        "aarch64-linux": {
          "outputs": [
            {
              "name": "out",
              "path": "/nix/store/c7arriql70jxhidml0mp0a7a3314gs2k-nodejs-20.19.0",
              "default": true
            },
            {
              "name": "dev",
              "path": "/nix/store/d4kqqgpxmhw4w0vbfsyiakbavnnydgqy-nodejs-20.19.0-dev"
            },
            {
              "name": "libv8",
              "path": "/nix/store/fxnr2g6fw93651iwm38b4qfbrc7q5gxl-nodejs-20.19.0-libv8"
            }
          ],
          "store_path": "/nix/store/c7arriql70jxhidml0mp0a7a3314gs2k-nodejs-20.19.0"
        },
        "x86_64-darwin": {
          "outputs": [
            {
              "name": "out",
              "path": "/nix/store/zhb8l2knnifdda5ksrvjqjhykd36s59q-nodejs-20.19.0",
              "default": true
            },
            {
              "name": "dev",
              "path": "/nix/store/wf62vcjacd7ln0kqv094d2vsibr3haj2-nodejs-20.19.0-dev"
            },
            {
              "name": "libv8",
              "path": "/nix/store/2hnj6pa6xm53zjdjzw10l4qbd4yjliwy-nodejs-20.19.0-libv8"
            }
          ],
          "store_path": "/nix/store/zhb8l2knnifdda5ksrvjqjhykd36s59q-nodejs-20.19.0"
        },
        "x86_64-linux": {
          "outputs": [
            {
              "name": "out",
              "path": "/nix/store/kh3i69blhgq2slza5k64qqrbj7zm36j1-nodejs-20.19.0",
              "default": true
            },
            {
              "name": "dev",
              "path": "/nix/store/6x8imksvnzhc2ybx8kfl68ivv3ysm72m-nodejs-20.19.0-dev"
            },
            {
              "name": "libv8",
              "path": "/nix/store/hsh0rsmyd58xq483gbz6y99kr8y2p9rs-nodejs-20.19.0-libv8"
            }
          ],
          "store_path": "/nix/store/kh3i69blhgq2slza5k64qqrbj7zm36j1-nodejs-20.19.0"
        }
      }
    },
    "pulumictl@latest": {
      "last_modified": "2025-05-06T08:06:31Z",
      "resolved": "github:NixOS/nixpkgs/1cb1c02a6b1b7cf67e3d7731cbbf327a53da9679#pulumictl",
      "source": "devbox-search",
      "version": "0.0.49",
      "systems": {
        "aarch64-darwin": {
          "outputs": [
            {
              "name": "out",
              "path": "/nix/store/ny69c9bfkf4w179240ch45injfb2ajqr-pulumictl-0.0.49",
              "default": true
            }
          ],
          "store_path": "/nix/store/ny69c9bfkf4w179240ch45injfb2ajqr-pulumictl-0.0.49"
        },
        "aarch64-linux": {
          "outputs": [
            {
              "name": "out",
              "path": "/nix/store/pq16nmp9gaisj3q9sfqxypvp54261lk0-pulumictl-0.0.49",
              "default": true
            }
          ],
          "store_path": "/nix/store/pq16nmp9gaisj3q9sfqxypvp54261lk0-pulumictl-0.0.49"
        },
        "x86_64-darwin": {
          "outputs": [
            {
              "name": "out",
              "path": "/nix/store/6wmig1w7f3vmfrlyg2qzv21bvacj3as8-pulumictl-0.0.49",
              "default": true
            }
          ],
          "store_path": "/nix/store/6wmig1w7f3vmfrlyg2qzv21bvacj3as8-pulumictl-0.0.49"
        },
        "x86_64-linux": {
          "outputs": [
            {
              "name": "out",
              "path": "/nix/store/cfxsr3bwf05srw28g1dzc6acx2dr4a00-pulumictl-0.0.49",
              "default": true
            }
          ],
          "store_path": "/nix/store/cfxsr3bwf05srw28g1dzc6acx2dr4a00-pulumictl-0.0.49"
        }
      }
    },
    "python3@3.11.8": {
      "last_modified": "2024-04-02T02:53:36Z",
      "plugin_version": "0.0.4",
      "resolved": "github:NixOS/nixpkgs/080a4a27f206d07724b88da096e27ef63401a504#python3",
      "source": "devbox-search",
      "version": "3.11.8",
      "systems": {
        "aarch64-darwin": {
          "outputs": [
            {
              "name": "out",
              "path": "/nix/store/j0jaqv09421wydqmfawcnwvv2f32q86a-python3-3.11.8",
              "default": true
            }
          ],
          "store_path": "/nix/store/j0jaqv09421wydqmfawcnwvv2f32q86a-python3-3.11.8"
        },
        "aarch64-linux": {
          "outputs": [
            {
              "name": "out",
              "path": "/nix/store/m366grr7iy3d47r7ns0p8ppx5z3ghlv6-python3-3.11.8",
              "default": true
            },
            {
              "name": "debug",
              "path": "/nix/store/5dv2p0bwb5ni510y7mabbcmm8qrrj795-python3-3.11.8-debug"
            }
          ],
          "store_path": "/nix/store/m366grr7iy3d47r7ns0p8ppx5z3ghlv6-python3-3.11.8"
        },
        "x86_64-darwin": {
          "outputs": [
            {
              "name": "out",
              "path": "/nix/store/9qhyp2qkb4s5zi1vahj4bjjjmdin6jnz-python3-3.11.8",
              "default": true
            }
          ],
          "store_path": "/nix/store/9qhyp2qkb4s5zi1vahj4bjjjmdin6jnz-python3-3.11.8"
        },
        "x86_64-linux": {
          "outputs": [
            {
              "name": "out",
              "path": "/nix/store/gd3shnza1i50zn8zs04fa729ribr88m9-python3-3.11.8",
              "default": true
            },
            {
              "name": "debug",
              "path": "/nix/store/imbh85vrmy96yvzwg90l0v5rb70qi3h9-python3-3.11.8-debug"
            }
          ],
          "store_path": "/nix/store/gd3shnza1i50zn8zs04fa729ribr88m9-python3-3.11.8"
        }
      }
    },
    "yarn@latest": {
      "last_modified": "2025-05-06T08:06:31Z",
      "resolved": "github:NixOS/nixpkgs/1cb1c02a6b1b7cf67e3d7731cbbf327a53da9679#yarn",
      "source": "devbox-search",
      "version": "1.22.22",
      "systems": {
        "aarch64-darwin": {
          "outputs": [
            {
              "name": "out",
              "path": "/nix/store/2ii4afii0xlaljyzd8lm5y5n7xdj836j-yarn-1.22.22",
              "default": true
            }
          ],
          "store_path": "/nix/store/2ii4afii0xlaljyzd8lm5y5n7xdj836j-yarn-1.22.22"
        },
        "aarch64-linux": {
          "outputs": [
            {
              "name": "out",
              "path": "/nix/store/29yvr8z3dx68j38v6aqcjyazn3jxvs78-yarn-1.22.22",
              "default": true
            }
          ],
          "store_path": "/nix/store/29yvr8z3dx68j38v6aqcjyazn3jxvs78-yarn-1.22.22"
        },
        "x86_64-darwin": {
          "outputs": [
            {
              "name": "out",
              "path": "/nix/store/jrfdk6wgmvkwj0hrmy6knm8dlz51xhdn-yarn-1.22.22",
              "default": true
            }
          ],
          "store_path": "/nix/store/jrfdk6wgmvkwj0hrmy6knm8dlz51xhdn-yarn-1.22.22"
        },
        "x86_64-linux": {
          "outputs": [
            {
              "name": "out",
              "path": "/nix/store/j56b59xjcmfhyfj675qj2x2bzpf70zfa-yarn-1.22.22",
              "default": true
            }
          ],
          "store_path": "/nix/store/j56b59xjcmfhyfj675qj2x2bzpf70zfa-yarn-1.22.22"
        }
      }
    }
  }
}
