# @generated - this file is auto-generated by `mise lock` https://mise.en.dev/dev-tools/mise-lock.html

[[tools.dotnet]]
version = "8.0.414"
backend = "asdf:dotnet"

[[tools."github:pulumi/pulumictl"]]
version = "0.0.50"
backend = "github:pulumi/pulumictl"

[[tools."github:pulumi/schema-tools"]]
version = "0.7.0"
backend = "github:pulumi/schema-tools"

[tools."github:pulumi/schema-tools"."platforms.linux-x64"]
checksum = "sha256:e81fc48cb4a88bd5820b99cfc7dab3ffee82a8e35e7d71048e9f0e91ff456581"
url = "https://github.com/pulumi/schema-tools/releases/download/v0.7.0/schema-tools-v0.7.0-linux-amd64.tar.gz"
url_api = "https://api.github.com/repos/pulumi/schema-tools/releases/assets/367439699"

[[tools.go]]
version = "1.25.7"
backend = "core:go"

[[tools.golangci-lint]]
version = "2.12.2"
backend = "aqua:golangci/golangci-lint"

[tools.golangci-lint."platforms.linux-x64"]
checksum = "sha256:8df580d2670fed8fa984aac0507099af8df275e665215f5c7a2ae3943893a553"
url = "https://github.com/golangci/golangci-lint/releases/download/v2.12.2/golangci-lint-2.12.2-linux-amd64.tar.gz"
provenance = "github-attestations"

[[tools.gradle]]
version = "7.6.6"
backend = "aqua:gradle/gradle"

[[tools.java]]
version = "corretto-17.0.18.9.1"
backend = "core:java"

[[tools.node]]
version = "20.20.2"
backend = "core:node"

[tools.node."platforms.linux-x64"]
checksum = "sha256:19e56f0825510207dd904f087fe52faa0a4eb6b2aab5f0ea7a33830d04888b8b"
url = "https://nodejs.org/dist/v20.20.2/node-v20.20.2-linux-x64.tar.gz"

[[tools."npm:yarn"]]
version = "1.22.22"
backend = "npm:yarn"

[[tools.pulumi]]
version = "3.225.0"
backend = "aqua:pulumi/pulumi"

[tools.pulumi."platforms.linux-x64"]
checksum = "sha256:63d0cb6ed5a6c1d7c398d34f97759bc8538ca6e800adb829d993135d5a1d3aab"
url = "https://github.com/pulumi/pulumi/releases/download/v3.225.0/pulumi-v3.225.0-linux-x64.tar.gz"

[[tools.python]]
version = "3.14.6"
backend = "core:python"

[tools.python."platforms.linux-x64"]
checksum = "sha256:c172314f4a8ec137a8f605289010c3d19c8b56867d968f0095074cc68efa1d29"
url = "https://github.com/astral-sh/python-build-standalone/releases/download/20260623/cpython-3.14.6+20260623-x86_64-unknown-linux-gnu-install_only_stripped.tar.gz"
provenance = "github-attestations"

[[tools."vfox-pulumi:pulumi/pulumi-converter-terraform"]]
version = "1.2.4"
backend = "vfox-pulumi:pulumi/pulumi-converter-terraform"
